
Microsoft Visual Studio Solution File, Format Version 12.00
# Visual Studio Version 16
VisualStudioVersion = 16.0.29123.88
MinimumVisualStudioVersion = 10.0.40219.1
Project("{FAE04EC0-301F-11D3-BF4B-00C04F79EFBC}") = "FileChecker", "FileChecker\FileChecker.csproj", "{E68E64E8-C7CF-447F-B438-2139B11917F8}"
EndProject
Global
	GlobalSection(SolutionConfigurationPlatforms) = preSolution
		Debug|Any CPU = Debug|Any CPU
		Release|Any CPU = Release|Any CPU
	EndGlobalSection
	GlobalSection(ProjectConfigurationPlatforms) = postSolution
		{E68E64E8-C7CF-447F-B438-2139B11917F8}.Debug|Any CPU.ActiveCfg = Debug|Any CPU
		{E68E64E8-C7CF-447F-B438-2139B11917F8}.Debug|Any CPU.Build.0 = Debug|Any CPU
		{E68E64E8-C7CF-447F-B438-2139B11917F8}.Release|Any CPU.ActiveCfg = Release|Any CPU
		{E68E64E8-C7CF-447F-B438-2139B11917F8}.Release|Any CPU.Build.0 = Release|Any CPU
	EndGlobalSection
	GlobalSection(SolutionProperties) = preSolution
		HideSolutionNode = FALSE
	EndGlobalSection
	GlobalSection(ExtensibilityGlobals) = postSolution
		SolutionGuid = {6F78D725-BC0A-489A-9111-ABF9B084802B}
	EndGlobalSection
EndGlobal
